// !$*UTF8*$!
{
	archiveVersion = 1;
	classes = {
	};
	objectVersion = 48;
	objects = {

/* Begin PBXBuildFile section */
		542325B64309CF9E0202FBFA /* Pods_YTS_Movies_Client.framework in Frameworks */ = {isa = PBXBuildFile; fileRef = 9BBA4B2C2CC5278BC8A5962D /* Pods_YTS_Movies_Client.framework */; };
		D908A2951FE6E8CC008E31EB /* ModeViewForSingleMovie.swift in Sources */ = {isa = PBXBuildFile; fileRef = D908A2941FE6E8CC008E31EB /* ModeViewForSingleMovie.swift */; };
		D940FD5C1FE46CCF00DFA7CB /* AppDelegate.swift in Sources */ = {isa = PBXBuildFile; fileRef = D940FD5B1FE46CCF00DFA7CB /* AppDelegate.swift */; };
		D940FD5E1FE46CCF00DFA7CB /* ViewController.swift in Sources */ = {isa = PBXBuildFile; fileRef = D940FD5D1FE46CCF00DFA7CB /* ViewController.swift */; };
		D940FD611FE46CCF00DFA7CB /* Main.storyboard in Resources */ = {isa = PBXBuildFile; fileRef = D940FD5F1FE46CCF00DFA7CB /* Main.storyboard */; };
		D940FD631FE46CCF00DFA7CB /* Assets.xcassets in Resources */ = {isa = PBXBuildFile; fileRef = D940FD621FE46CCF00DFA7CB /* Assets.xcassets */; };
		D940FD661FE46CCF00DFA7CB /* LaunchScreen.storyboard in Resources */ = {isa = PBXBuildFile; fileRef = D940FD641FE46CCF00DFA7CB /* LaunchScreen.storyboard */; };
		D940FD6E1FE4769F00DFA7CB /* MoviesTableViewCell.swift in Sources */ = {isa = PBXBuildFile; fileRef = D940FD6D1FE4769F00DFA7CB /* MoviesTableViewCell.swift */; };
		D940FD701FE5120D00DFA7CB /* ViewMode.swift in Sources */ = {isa = PBXBuildFile; fileRef = D940FD6F1FE5120D00DFA7CB /* ViewMode.swift */; };
		D940FD741FE5C20600DFA7CB /* MoviesData.swift in Sources */ = {isa = PBXBuildFile; fileRef = D940FD731FE5C20600DFA7CB /* MoviesData.swift */; };
		D940FD7A1FE5CDA800DFA7CB /* Movie.swift in Sources */ = {isa = PBXBuildFile; fileRef = D940FD791FE5CDA800DFA7CB /* Movie.swift */; };
		D9DAC5711FE6B66C009D0059 /* MovieDetailesTableViewController.swift in Sources */ = {isa = PBXBuildFile; fileRef = D9DAC5701FE6B66C009D0059 /* MovieDetailesTableViewController.swift */; };
/* End PBXBuildFile section */

/* Begin PBXFileReference section */
		0B8281CD6906AE8EDB4EF10D /* Pods-YTS Movies Client.release.xcconfig */ = {isa = PBXFileReference; includeInIndex = 1; lastKnownFileType = text.xcconfig; name = "Pods-YTS Movies Client.release.xcconfig"; path = "Pods/Target Support Files/Pods-YTS Movies Client/Pods-YTS Movies Client.release.xcconfig"; sourceTree = "<group>"; };
		9BBA4B2C2CC5278BC8A5962D /* Pods_YTS_Movies_Client.framework */ = {isa = PBXFileReference; explicitFileType = wrapper.framework; includeInIndex = 0; path = Pods_YTS_Movies_Client.framework; sourceTree = BUILT_PRODUCTS_DIR; };
		AAAECF04162C899BE01EE831 /* Pods-YTS Movies Client.debug.xcconfig */ = {isa = PBXFileReference; includeInIndex = 1; lastKnownFileType = text.xcconfig; name = "Pods-YTS Movies Client.debug.xcconfig"; path = "Pods/Target Support Files/Pods-YTS Movies Client/Pods-YTS Movies Client.debug.xcconfig"; sourceTree = "<group>"; };
		D908A2941FE6E8CC008E31EB /* ModeViewForSingleMovie.swift */ = {isa = PBXFileReference; lastKnownFileType = sourcecode.swift; path = ModeViewForSingleMovie.swift; sourceTree = "<group>"; };
		D940FD581FE46CCF00DFA7CB /* YTS Movies Client.app */ = {isa = PBXFileReference; explicitFileType = wrapper.application; includeInIndex = 0; path = "YTS Movies Client.app"; sourceTree = BUILT_PRODUCTS_DIR; };
		D940FD5B1FE46CCF00DFA7CB /* AppDelegate.swift */ = {isa = PBXFileReference; lastKnownFileType = sourcecode.swift; path = AppDelegate.swift; sourceTree = "<group>"; };
		D940FD5D1FE46CCF00DFA7CB /* ViewController.swift */ = {isa = PBXFileReference; lastKnownFileType = sourcecode.swift; path = ViewController.swift; sourceTree = "<group>"; };
		D940FD601FE46CCF00DFA7CB /* Base */ = {isa = PBXFileReference; lastKnownFileType = file.storyboard; name = Base; path = Base.lproj/Main.storyboard; sourceTree = "<group>"; };
		D940FD621FE46CCF00DFA7CB /* Assets.xcassets */ = {isa = PBXFileReference; lastKnownFileType = folder.assetcatalog; path = Assets.xcassets; sourceTree = "<group>"; };
		D940FD651FE46CCF00DFA7CB /* Base */ = {isa = PBXFileReference; lastKnownFileType = file.storyboard; name = Base; path = Base.lproj/LaunchScreen.storyboard; sourceTree = "<group>"; };
		D940FD671FE46CCF00DFA7CB /* Info.plist */ = {isa = PBXFileReference; lastKnownFileType = text.plist.xml; path = Info.plist; sourceTree = "<group>"; };
		D940FD6D1FE4769F00DFA7CB /* MoviesTableViewCell.swift */ = {isa = PBXFileReference; lastKnownFileType = sourcecode.swift; path = MoviesTableViewCell.swift; sourceTree = "<group>"; };
		D940FD6F1FE5120D00DFA7CB /* ViewMode.swift */ = {isa = PBXFileReference; lastKnownFileType = sourcecode.swift; path = ViewMode.swift; sourceTree = "<group>"; };
		D940FD731FE5C20600DFA7CB /* MoviesData.swift */ = {isa = PBXFileReference; lastKnownFileType = sourcecode.swift; path = MoviesData.swift; sourceTree = "<group>"; };
		D940FD791FE5CDA800DFA7CB /* Movie.swift */ = {isa = PBXFileReference; lastKnownFileType = sourcecode.swift; path = Movie.swift; sourceTree = "<group>"; };
		D9DAC5701FE6B66C009D0059 /* MovieDetailesTableViewController.swift */ = {isa = PBXFileReference; lastKnownFileType = sourcecode.swift; path = MovieDetailesTableViewController.swift; sourceTree = "<group>"; };
/* End PBXFileReference section */

/* Begin PBXFrameworksBuildPhase section */
		D940FD551FE46CCF00DFA7CB /* Frameworks */ = {
			isa = PBXFrameworksBuildPhase;
			buildActionMask = 2147483647;
			files = (
				542325B64309CF9E0202FBFA /* Pods_YTS_Movies_Client.framework in Frameworks */,
			);
			runOnlyForDeploymentPostprocessing = 0;
		};
/* End PBXFrameworksBuildPhase section */

/* Begin PBXGroup section */
		3149E21ADB4C76B34841A879 /* Pods */ = {
			isa = PBXGroup;
			children = (
				AAAECF04162C899BE01EE831 /* Pods-YTS Movies Client.debug.xcconfig */,
				0B8281CD6906AE8EDB4EF10D /* Pods-YTS Movies Client.release.xcconfig */,
			);
			name = Pods;
			sourceTree = "<group>";
		};
		A198BB6EC664844C1D985279 /* Frameworks */ = {
			isa = PBXGroup;
			children = (
				9BBA4B2C2CC5278BC8A5962D /* Pods_YTS_Movies_Client.framework */,
			);
			name = Frameworks;
			sourceTree = "<group>";
		};
		D940FD4F1FE46CCE00DFA7CB = {
			isa = PBXGroup;
			children = (
				D940FD5A1FE46CCF00DFA7CB /* YTS Movies Client */,
				D940FD591FE46CCF00DFA7CB /* Products */,
				3149E21ADB4C76B34841A879 /* Pods */,
				A198BB6EC664844C1D985279 /* Frameworks */,
			);
			sourceTree = "<group>";
		};
		D940FD591FE46CCF00DFA7CB /* Products */ = {
			isa = PBXGroup;
			children = (
				D940FD581FE46CCF00DFA7CB /* YTS Movies Client.app */,
			);
			name = Products;
			sourceTree = "<group>";
		};
		D940FD5A1FE46CCF00DFA7CB /* YTS Movies Client */ = {
			isa = PBXGroup;
			children = (
				D940FD791FE5CDA800DFA7CB /* Movie.swift */,
				D940FD5D1FE46CCF00DFA7CB /* ViewController.swift */,
				D940FD5F1FE46CCF00DFA7CB /* Main.storyboard */,
				D9DAC5701FE6B66C009D0059 /* MovieDetailesTableViewController.swift */,
				D940FD731FE5C20600DFA7CB /* MoviesData.swift */,
				D908A2941FE6E8CC008E31EB /* ModeViewForSingleMovie.swift */,
				D940FD6F1FE5120D00DFA7CB /* ViewMode.swift */,
				D940FD6D1FE4769F00DFA7CB /* MoviesTableViewCell.swift */,
				D940FD671FE46CCF00DFA7CB /* Info.plist */,
				D940FD7B1FE5CE4300DFA7CB /* supporting files  */,
			);
			path = "YTS Movies Client";
			sourceTree = "<group>";
		};
		D940FD7B1FE5CE4300DFA7CB /* supporting files  */ = {
			isa = PBXGroup;
			children = (
				D940FD5B1FE46CCF00DFA7CB /* AppDelegate.swift */,
				D940FD621FE46CCF00DFA7CB /* Assets.xcassets */,
				D940FD641FE46CCF00DFA7CB /* LaunchScreen.storyboard */,
			);
			path = "supporting files ";
			sourceTree = "<group>";
		};
/* End PBXGroup section */

/* Begin PBXNativeTarget section */
		D940FD571FE46CCF00DFA7CB /* YTS Movies Client */ = {
			isa = PBXNativeTarget;
			buildConfigurationList = D940FD6A1FE46CCF00DFA7CB /* Build configuration list for PBXNativeTarget "YTS Movies Client" */;
			buildPhases = (
				7C87EB8C9FB28282759D5F85 /* [CP] Check Pods Manifest.lock */,
				D940FD541FE46CCF00DFA7CB /* Sources */,
				D940FD551FE46CCF00DFA7CB /* Frameworks */,
				D940FD561FE46CCF00DFA7CB /* Resources */,
				0E08C82D3A34029BE0CE4DBB /* [CP] Embed Pods Frameworks */,
				81C137CD316268B9074D6D83 /* [CP] Copy Pods Resources */,
			);
			buildRules = (
			);
			dependencies = (
			);
			name = "YTS Movies Client";
			productName = "YTS Movies Client";
			productReference = D940FD581FE46CCF00DFA7CB /* YTS Movies Client.app */;
			productType = "com.apple.product-type.application";
		};
/* End PBXNativeTarget section */

/* Begin PBXProject section */
		D940FD501FE46CCE00DFA7CB /* Project object */ = {
			isa = PBXProject;
			attributes = {
				LastSwiftUpdateCheck = 0900;
				LastUpgradeCheck = 0900;
				ORGANIZATIONNAME = MohamedSh;
				TargetAttributes = {
					D940FD571FE46CCF00DFA7CB = {
						CreatedOnToolsVersion = 9.0;
						ProvisioningStyle = Automatic;
					};
				};
			};
			buildConfigurationList = D940FD531FE46CCE00DFA7CB /* Build configuration list for PBXProject "YTS Movies Client" */;
			compatibilityVersion = "Xcode 8.0";
			developmentRegion = en;
			hasScannedForEncodings = 0;
			knownRegions = (
				en,
				Base,
			);
			mainGroup = D940FD4F1FE46CCE00DFA7CB;
			productRefGroup = D940FD591FE46CCF00DFA7CB /* Products */;
			projectDirPath = "";
			projectRoot = "";
			targets = (
				D940FD571FE46CCF00DFA7CB /* YTS Movies Client */,
			);
		};
/* End PBXProject section */

/* Begin PBXResourcesBuildPhase section */
		D940FD561FE46CCF00DFA7CB /* Resources */ = {
			isa = PBXResourcesBuildPhase;
			buildActionMask = 2147483647;
			files = (
				D940FD661FE46CCF00DFA7CB /* LaunchScreen.storyboard in Resources */,
				D940FD631FE46CCF00DFA7CB /* Assets.xcassets in Resources */,
				D940FD611FE46CCF00DFA7CB /* Main.storyboard in Resources */,
			);
			runOnlyForDeploymentPostprocessing = 0;
		};
/* End PBXResourcesBuildPhase section */

/* Begin PBXShellScriptBuildPhase section */
		0E08C82D3A34029BE0CE4DBB /* [CP] Embed Pods Frameworks */ = {
			isa = PBXShellScriptBuildPhase;
			buildActionMask = 2147483647;
			files = (
			);
			inputPaths = (
				"${SRCROOT}/Pods/Target Support Files/Pods-YTS Movies Client/Pods-YTS Movies Client-frameworks.sh",
				"${BUILT_PRODUCTS_DIR}/Alamofire/Alamofire.framework",
				"${BUILT_PRODUCTS_DIR}/Kingfisher/Kingfisher.framework",
				"${BUILT_PRODUCTS_DIR}/Moya/Moya.framework",
				"${BUILT_PRODUCTS_DIR}/Result/Result.framework",
			);
			name = "[CP] Embed Pods Frameworks";
			outputPaths = (
				"${TARGET_BUILD_DIR}/${FRAMEWORKS_FOLDER_PATH}/Alamofire.framework",
				"${TARGET_BUILD_DIR}/${FRAMEWORKS_FOLDER_PATH}/Kingfisher.framework",
				"${TARGET_BUILD_DIR}/${FRAMEWORKS_FOLDER_PATH}/Moya.framework",
				"${TARGET_BUILD_DIR}/${FRAMEWORKS_FOLDER_PATH}/Result.framework",
			);
			runOnlyForDeploymentPostprocessing = 0;
			shellPath = /bin/sh;
			shellScript = "\"${SRCROOT}/Pods/Target Support Files/Pods-YTS Movies Client/Pods-YTS Movies Client-frameworks.sh\"\n";
			showEnvVarsInLog = 0;
		};
		7C87EB8C9FB28282759D5F85 /* [CP] Check Pods Manifest.lock */ = {
			isa = PBXShellScriptBuildPhase;
			buildActionMask = 2147483647;
			files = (
			);
			inputPaths = (
				"${PODS_PODFILE_DIR_PATH}/Podfile.lock",
				"${PODS_ROOT}/Manifest.lock",
			);
			name = "[CP] Check Pods Manifest.lock";
			outputPaths = (
				"$(DERIVED_FILE_DIR)/Pods-YTS Movies Client-checkManifestLockResult.txt",
			);
			runOnlyForDeploymentPostprocessing = 0;
			shellPath = /bin/sh;
			shellScript = "diff \"${PODS_PODFILE_DIR_PATH}/Podfile.lock\" \"${PODS_ROOT}/Manifest.lock\" > /dev/null\nif [ $? != 0 ] ; then\n    # print error to STDERR\n    echo \"error: The sandbox is not in sync with the Podfile.lock. Run 'pod install' or update your CocoaPods installation.\" >&2\n    exit 1\nfi\n# This output is used by Xcode 'outputs' to avoid re-running this script phase.\necho \"SUCCESS\" > \"${SCRIPT_OUTPUT_FILE_0}\"\n";
			showEnvVarsInLog = 0;
		};
		81C137CD316268B9074D6D83 /* [CP] Copy Pods Resources */ = {
			isa = PBXShellScriptBuildPhase;
			buildActionMask = 2147483647;
			files = (
			);
			inputPaths = (
			);
			name = "[CP] Copy Pods Resources";
			outputPaths = (
			);
			runOnlyForDeploymentPostprocessing = 0;
			shellPath = /bin/sh;
			shellScript = "\"${SRCROOT}/Pods/Target Support Files/Pods-YTS Movies Client/Pods-YTS Movies Client-resources.sh\"\n";
			showEnvVarsInLog = 0;
		};
/* End PBXShellScriptBuildPhase section */

/* Begin PBXSourcesBuildPhase section */
		D940FD541FE46CCF00DFA7CB /* Sources */ = {
			isa = PBXSourcesBuildPhase;
			buildActionMask = 2147483647;
			files = (
				D908A2951FE6E8CC008E31EB /* ModeViewForSingleMovie.swift in Sources */,
				D940FD6E1FE4769F00DFA7CB /* MoviesTableViewCell.swift in Sources */,
				D9DAC5711FE6B66C009D0059 /* MovieDetailesTableViewController.swift in Sources */,
				D940FD701FE5120D00DFA7CB /* ViewMode.swift in Sources */,
				D940FD7A1FE5CDA800DFA7CB /* Movie.swift in Sources */,
				D940FD5E1FE46CCF00DFA7CB /* ViewController.swift in Sources */,
				D940FD741FE5C20600DFA7CB /* MoviesData.swift in Sources */,
				D940FD5C1FE46CCF00DFA7CB /* AppDelegate.swift in Sources */,
			);
			runOnlyForDeploymentPostprocessing = 0;
		};
/* End PBXSourcesBuildPhase section */

/* Begin PBXVariantGroup section */
		D940FD5F1FE46CCF00DFA7CB /* Main.storyboard */ = {
			isa = PBXVariantGroup;
			children = (
				D940FD601FE46CCF00DFA7CB /* Base */,
			);
			name = Main.storyboard;
			sourceTree = "<group>";
		};
		D940FD641FE46CCF00DFA7CB /* LaunchScreen.storyboard */ = {
			isa = PBXVariantGroup;
			children = (
				D940FD651FE46CCF00DFA7CB /* Base */,
			);
			name = LaunchScreen.storyboard;
			sourceTree = "<group>";
		};
/* End PBXVariantGroup section */

/* Begin XCBuildConfiguration section */
		D940FD681FE46CCF00DFA7CB /* Debug */ = {
			isa = XCBuildConfiguration;
			buildSettings = {
				ALWAYS_SEARCH_USER_PATHS = NO;
				CLANG_ANALYZER_NONNULL = YES;
				CLANG_ANALYZER_NUMBER_OBJECT_CONVERSION = YES_AGGRESSIVE;
				CLANG_CXX_LANGUAGE_STANDARD = "gnu++14";
				CLANG_CXX_LIBRARY = "libc++";
				CLANG_ENABLE_MODULES = YES;
				CLANG_ENABLE_OBJC_ARC = YES;
				CLANG_WARN_BLOCK_CAPTURE_AUTORELEASING = YES;
				CLANG_WARN_BOOL_CONVERSION = YES;
				CLANG_WARN_COMMA = YES;
				CLANG_WARN_CONSTANT_CONVERSION = YES;
				CLANG_WARN_DIRECT_OBJC_ISA_USAGE = YES_ERROR;
				CLANG_WARN_DOCUMENTATION_COMMENTS = YES;
				CLANG_WARN_EMPTY_BODY = YES;
				CLANG_WARN_ENUM_CONVERSION = YES;
				CLANG_WARN_INFINITE_RECURSION = YES;
				CLANG_WARN_INT_CONVERSION = YES;
				CLANG_WARN_NON_LITERAL_NULL_CONVERSION = YES;
				CLANG_WARN_OBJC_LITERAL_CONVERSION = YES;
				CLANG_WARN_OBJC_ROOT_CLASS = YES_ERROR;
				CLANG_WARN_RANGE_LOOP_ANALYSIS = YES;
				CLANG_WARN_STRICT_PROTOTYPES = YES;
				CLANG_WARN_SUSPICIOUS_MOVE = YES;
				CLANG_WARN_UNGUARDED_AVAILABILITY = YES_AGGRESSIVE;
				CLANG_WARN_UNREACHABLE_CODE = YES;
				CLANG_WARN__DUPLICATE_METHOD_MATCH = YES;
				CODE_SIGN_IDENTITY = "iPhone Developer";
				COPY_PHASE_STRIP = NO;
				DEBUG_INFORMATION_FORMAT = dwarf;
				ENABLE_STRICT_OBJC_MSGSEND = YES;
				ENABLE_TESTABILITY = YES;
				GCC_C_LANGUAGE_STANDARD = gnu11;
				GCC_DYNAMIC_NO_PIC = NO;
				GCC_NO_COMMON_BLOCKS = YES;
				GCC_OPTIMIZATION_LEVEL = 0;
				GCC_PREPROCESSOR_DEFINITIONS = (
					"DEBUG=1",
					"$(inherited)",
				);
				GCC_WARN_64_TO_32_BIT_CONVERSION = YES;
				GCC_WARN_ABOUT_RETURN_TYPE = YES_ERROR;
				GCC_WARN_UNDECLARED_SELECTOR = YES;
				GCC_WARN_UNINITIALIZED_AUTOS = YES_AGGRESSIVE;
				GCC_WARN_UNUSED_FUNCTION = YES;
				GCC_WARN_UNUSED_VARIABLE = YES;
				IPHONEOS_DEPLOYMENT_TARGET = 11.0;
				MTL_ENABLE_DEBUG_INFO = YES;
				ONLY_ACTIVE_ARCH = YES;
				SDKROOT = iphoneos;
				SWIFT_ACTIVE_COMPILATION_CONDITIONS = DEBUG;
				SWIFT_OPTIMIZATION_LEVEL = "-Onone";
			};
			name = Debug;
		};
		D940FD691FE46CCF00DFA7CB /* Release */ = {
			isa = XCBuildConfiguration;
			buildSettings = {
				ALWAYS_SEARCH_USER_PATHS = NO;
				CLANG_ANALYZER_NONNULL = YES;
				CLANG_ANALYZER_NUMBER_OBJECT_CONVERSION = YES_AGGRESSIVE;
				CLANG_CXX_LANGUAGE_STANDARD = "gnu++14";
				CLANG_CXX_LIBRARY = "libc++";
				CLANG_ENABLE_MODULES = YES;
				CLANG_ENABLE_OBJC_ARC = YES;
				CLANG_WARN_BLOCK_CAPTURE_AUTORELEASING = YES;
				CLANG_WARN_BOOL_CONVERSION = YES;
				CLANG_WARN_COMMA = YES;
				CLANG_WARN_CONSTANT_CONVERSION = YES;
				CLANG_WARN_DIRECT_OBJC_ISA_USAGE = YES_ERROR;
				CLANG_WARN_DOCUMENTATION_COMMENTS = YES;
				CLANG_WARN_EMPTY_BODY = YES;
				CLANG_WARN_ENUM_CONVERSION = YES;
				CLANG_WARN_INFINITE_RECURSION = YES;
				CLANG_WARN_INT_CONVERSION = YES;
				CLANG_WARN_NON_LITERAL_NULL_CONVERSION = YES;
				CLANG_WARN_OBJC_LITERAL_CONVERSION = YES;
				CLANG_WARN_OBJC_ROOT_CLASS = YES_ERROR;
				CLANG_WARN_RANGE_LOOP_ANALYSIS = YES;
				CLANG_WARN_STRICT_PROTOTYPES = YES;
				CLANG_WARN_SUSPICIOUS_MOVE = YES;
				CLANG_WARN_UNGUARDED_AVAILABILITY = YES_AGGRESSIVE;
				CLANG_WARN_UNREACHABLE_CODE = YES;
				CLANG_WARN__DUPLICATE_METHOD_MATCH = YES;
				CODE_SIGN_IDENTITY = "iPhone Developer";
				COPY_PHASE_STRIP = NO;
				DEBUG_INFORMATION_FORMAT = "dwarf-with-dsym";
				ENABLE_NS_ASSERTIONS = NO;
				ENABLE_STRICT_OBJC_MSGSEND = YES;
				GCC_C_LANGUAGE_STANDARD = gnu11;
				GCC_NO_COMMON_BLOCKS = YES;
				GCC_WARN_64_TO_32_BIT_CONVERSION = YES;
				GCC_WARN_ABOUT_RETURN_TYPE = YES_ERROR;
				GCC_WARN_UNDECLARED_SELECTOR = YES;
				GCC_WARN_UNINITIALIZED_AUTOS = YES_AGGRESSIVE;
				GCC_WARN_UNUSED_FUNCTION = YES;
				GCC_WARN_UNUSED_VARIABLE = YES;
				IPHONEOS_DEPLOYMENT_TARGET = 11.0;
				MTL_ENABLE_DEBUG_INFO = NO;
				SDKROOT = iphoneos;
				SWIFT_OPTIMIZATION_LEVEL = "-Owholemodule";
				VALIDATE_PRODUCT = YES;
			};
			name = Release;
		};
		D940FD6B1FE46CCF00DFA7CB /* Debug */ = {
			isa = XCBuildConfiguration;
			baseConfigurationReference = AAAECF04162C899BE01EE831 /* Pods-YTS Movies Client.debug.xcconfig */;
			buildSettings = {
				ASSETCATALOG_COMPILER_APPICON_NAME = AppIcon;
				CODE_SIGN_STYLE = Automatic;
				DEVELOPMENT_TEAM = YNX5X6328E;
				INFOPLIST_FILE = "YTS Movies Client/Info.plist";
				LD_RUNPATH_SEARCH_PATHS = "$(inherited) @executable_path/Frameworks";
				PRODUCT_BUNDLE_IDENTIFIER = "ca.sharpmobile.YTS-Movies-Client";
				PRODUCT_NAME = "$(TARGET_NAME)";
				SWIFT_VERSION = 4.0;
				TARGETED_DEVICE_FAMILY = "1,2";
			};
			name = Debug;
		};
		D940FD6C1FE46CCF00DFA7CB /* Release */ = {
			isa = XCBuildConfiguration;
			baseConfigurationReference = 0B8281CD6906AE8EDB4EF10D /* Pods-YTS Movies Client.release.xcconfig */;
			buildSettings = {
				ASSETCATALOG_COMPILER_APPICON_NAME = AppIcon;
				CODE_SIGN_STYLE = Automatic;
				DEVELOPMENT_TEAM = YNX5X6328E;
				INFOPLIST_FILE = "YTS Movies Client/Info.plist";
				LD_RUNPATH_SEARCH_PATHS = "$(inherited) @executable_path/Frameworks";
				PRODUCT_BUNDLE_IDENTIFIER = "ca.sharpmobile.YTS-Movies-Client";
				PRODUCT_NAME = "$(TARGET_NAME)";
				SWIFT_VERSION = 4.0;
				TARGETED_DEVICE_FAMILY = "1,2";
			};
			name = Release;
		};
/* End XCBuildConfiguration section */

/* Begin XCConfigurationList section */
		D940FD531FE46CCE00DFA7CB /* Build configuration list for PBXProject "YTS Movies Client" */ = {
			isa = XCConfigurationList;
			buildConfigurations = (
				D940FD681FE46CCF00DFA7CB /* Debug */,
				D940FD691FE46CCF00DFA7CB /* Release */,
			);
			defaultConfigurationIsVisible = 0;
			defaultConfigurationName = Release;
		};
		D940FD6A1FE46CCF00DFA7CB /* Build configuration list for PBXNativeTarget "YTS Movies Client" */ = {
			isa = XCConfigurationList;
			buildConfigurations = (
				D940FD6B1FE46CCF00DFA7CB /* Debug */,
				D940FD6C1FE46CCF00DFA7CB /* Release */,
			);
			defaultConfigurationIsVisible = 0;
			defaultConfigurationName = Release;
		};
/* End XCConfigurationList section */
	};
	rootObject = D940FD501FE46CCE00DFA7CB /* Project object */;
}
